
Microsoft Visual Studio Solution File, Format Version 12.00
# Visual Studio Version 17
VisualStudioVersion = 17.4.33205.214
MinimumVisualStudioVersion = 10.0.40219.1
Project("{FAE04EC0-301F-11D3-BF4B-00C04F79EFBC}") = "ThriftHaven", "ThriftHaven\ThriftHaven.csproj", "{3D8330CD-9174-4DE3-9D46-7D9C4D81E0C7}"
EndProject
Global
	GlobalSection(SolutionConfigurationPlatforms) = preSolution
		Debug|Any CPU = Debug|Any CPU
		Release|Any CPU = Release|Any CPU
	EndGlobalSection
	GlobalSection(ProjectConfigurationPlatforms) = postSolution
		{3D8330CD-9174-4DE3-9D46-7D9C4D81E0C7}.Debug|Any CPU.ActiveCfg = Debug|Any CPU
		{3D8330CD-9174-4DE3-9D46-7D9C4D81E0C7}.Debug|Any CPU.Build.0 = Debug|Any CPU
		{3D8330CD-9174-4DE3-9D46-7D9C4D81E0C7}.Release|Any CPU.ActiveCfg = Release|Any CPU
		{3D8330CD-9174-4DE3-9D46-7D9C4D81E0C7}.Release|Any CPU.Build.0 = Release|Any CPU
	EndGlobalSection
	GlobalSection(SolutionProperties) = preSolution
		HideSolutionNode = FALSE
	EndGlobalSection
	GlobalSection(ExtensibilityGlobals) = postSolution
		SolutionGuid = {1A2EC1AB-597B-4640-99BE-D5FC54C41006}
	EndGlobalSection
EndGlobal
